
Microsoft Visual Studio Solution File, Format Version 12.00
# Visual Studio Version 17
VisualStudioVersion = 17.6.33829.357
MinimumVisualStudioVersion = 10.0.40219.1
Project("{FAE04EC0-301F-11D3-BF4B-00C04F79EFBC}") = "Maximum Flow", "Maximum Flow\Maximum Flow.csproj", "{87E01C64-0A0A-413E-94BD-48E9F15BF47C}"
EndProject
Global
	GlobalSection(SolutionConfigurationPlatforms) = preSolution
		Debug|Any CPU = Debug|Any CPU
		Release|Any CPU = Release|Any CPU
	EndGlobalSection
	GlobalSection(ProjectConfigurationPlatforms) = postSolution
		{87E01C64-0A0A-413E-94BD-48E9F15BF47C}.Debug|Any CPU.ActiveCfg = Debug|Any CPU
		{87E01C64-0A0A-413E-94BD-48E9F15BF47C}.Debug|Any CPU.Build.0 = Debug|Any CPU
		{87E01C64-0A0A-413E-94BD-48E9F15BF47C}.Release|Any CPU.ActiveCfg = Release|Any CPU
		{87E01C64-0A0A-413E-94BD-48E9F15BF47C}.Release|Any CPU.Build.0 = Release|Any CPU
	EndGlobalSection
	GlobalSection(SolutionProperties) = preSolution
		HideSolutionNode = FALSE
	EndGlobalSection
	GlobalSection(ExtensibilityGlobals) = postSolution
		SolutionGuid = {C35FFEC3-5C6B-4082-AF5E-85CEF193A853}
	EndGlobalSection
EndGlobal
